# THIS IS AN AUTOGENERATED FILE. DO NOT EDIT THIS FILE DIRECTLY.
# yarn lockfile v1


input-core@^1.0.0:
  version "1.0.0"
  resolved "https://registry.yarnpkg.com/input-core/-/input-core-1.0.0.tgz#e8c02f92fbac4033058fcaa1b779bef3a8fbae70"

mask-input@^1.0.2:
  version "1.0.2"
  resolved "https://registry.yarnpkg.com/mask-input/-/mask-input-1.0.2.tgz#67b04f8347daade4d437362da19a16a42d4cdf42"
  dependencies:
    input-core "^1.0.0"
    subscribe-event "^1.0.0"

subscribe-event@^1.0.0:
  version "1.1.1"
  resolved "https://registry.yarnpkg.com/subscribe-event/-/subscribe-event-1.1.1.tgz#0d2f2c14c18e4de3e7d108b4dd56078b379d95c9"
